
Microsoft Visual Studio Solution File, Format Version 12.00
# Visual Studio Version 16
VisualStudioVersion = 16.0.30621.155
MinimumVisualStudioVersion = 10.0.40219.1
Project("{FAE04EC0-301F-11D3-BF4B-00C04F79EFBC}") = "Lab2Metrology", "Lab2Metrology\Lab2Metrology.csproj", "{399C0D54-2668-43A5-9431-1262AE7C0523}"
EndProject
Project("{FAE04EC0-301F-11D3-BF4B-00C04F79EFBC}") = "Analizer", "Analiser\Analizer.csproj", "{0919F439-2278-430E-BF20-1BC34626145C}"
EndProject
Global
	GlobalSection(SolutionConfigurationPlatforms) = preSolution
		Debug|Any CPU = Debug|Any CPU
		Release|Any CPU = Release|Any CPU
	EndGlobalSection
	GlobalSection(ProjectConfigurationPlatforms) = postSolution
		{399C0D54-2668-43A5-9431-1262AE7C0523}.Debug|Any CPU.ActiveCfg = Debug|Any CPU
		{399C0D54-2668-43A5-9431-1262AE7C0523}.Debug|Any CPU.Build.0 = Debug|Any CPU
		{399C0D54-2668-43A5-9431-1262AE7C0523}.Release|Any CPU.ActiveCfg = Release|Any CPU
		{399C0D54-2668-43A5-9431-1262AE7C0523}.Release|Any CPU.Build.0 = Release|Any CPU
		{0919F439-2278-430E-BF20-1BC34626145C}.Debug|Any CPU.ActiveCfg = Debug|Any CPU
		{0919F439-2278-430E-BF20-1BC34626145C}.Debug|Any CPU.Build.0 = Debug|Any CPU
		{0919F439-2278-430E-BF20-1BC34626145C}.Release|Any CPU.ActiveCfg = Release|Any CPU
		{0919F439-2278-430E-BF20-1BC34626145C}.Release|Any CPU.Build.0 = Release|Any CPU
	EndGlobalSection
	GlobalSection(SolutionProperties) = preSolution
		HideSolutionNode = FALSE
	EndGlobalSection
	GlobalSection(ExtensibilityGlobals) = postSolution
		SolutionGuid = {EB120128-5997-49A1-B616-9C6B6C569D9B}
	EndGlobalSection
EndGlobal
